
Microsoft Visual Studio Solution File, Format Version 12.00
Project("{FAE04EC0-301F-11D3-BF4B-00C04F79EFBC}") = "PipeLoom", "PipeLoom\PipeLoom.csproj", "{A5543121-989A-4C76-81B7-662812D2EDDE}"
EndProject
Project("{2150E333-8FDC-42A3-9474-1A3956D46DE8}") = "SolutionFolder", "SolutionFolder", "{A480B4F7-6DAA-417F-9A90-D32B92AD7C04}"
	ProjectSection(SolutionItems) = preProject
		Directory.Build.props = Directory.Build.props
		Directory.Build.targets = Directory.Build.targets
		PipeLoom.sln.DotSettings = PipeLoom.sln.DotSettings
	EndProjectSection
EndProject
Project("{FAE04EC0-301F-11D3-BF4B-00C04F79EFBC}") = "PipeLoom.Analyzers", "PipeLoom.Analyzers\PipeLoom.Analyzers.csproj", "{897EB69A-C687-4B00-AE0F-07F064D8DD03}"
EndProject
Project("{FAE04EC0-301F-11D3-BF4B-00C04F79EFBC}") = "PipeLoom.Sandbox", "PipeLoom.Sandbox\PipeLoom.Sandbox.csproj", "{B4DD5EF3-4CD7-4A64-97BB-2F85B73297BD}"
EndProject
Project("{FAE04EC0-301F-11D3-BF4B-00C04F79EFBC}") = "Benchmarks", "Benchmarks\Benchmarks.csproj", "{8D1D8A2C-E8D6-4D26-A94B-B2DA17AC136D}"
EndProject
Project("{FAE04EC0-301F-11D3-BF4B-00C04F79EFBC}") = "PipeLoom.JsonQuery", "PipeLoom.JsonQuery\PipeLoom.JsonQuery.csproj", "{318F5C02-F40F-4C4A-ADB7-3720A2B61909}"
EndProject
Project("{FAE04EC0-301F-11D3-BF4B-00C04F79EFBC}") = "PipeLoom.JsonQuery.Cli", "PipeLoom.JsonQuery.Cli\PipeLoom.JsonQuery.Cli.csproj", "{791D7982-80D5-427E-BA24-C150A5B068FC}"
EndProject
Global
	GlobalSection(SolutionConfigurationPlatforms) = preSolution
		Debug|Any CPU = Debug|Any CPU
		Release|Any CPU = Release|Any CPU
	EndGlobalSection
	GlobalSection(ProjectConfigurationPlatforms) = postSolution
		{A5543121-989A-4C76-81B7-662812D2EDDE}.Debug|Any CPU.ActiveCfg = Debug|Any CPU
		{A5543121-989A-4C76-81B7-662812D2EDDE}.Debug|Any CPU.Build.0 = Debug|Any CPU
		{A5543121-989A-4C76-81B7-662812D2EDDE}.Release|Any CPU.ActiveCfg = Release|Any CPU
		{A5543121-989A-4C76-81B7-662812D2EDDE}.Release|Any CPU.Build.0 = Release|Any CPU
		{897EB69A-C687-4B00-AE0F-07F064D8DD03}.Debug|Any CPU.ActiveCfg = Debug|Any CPU
		{897EB69A-C687-4B00-AE0F-07F064D8DD03}.Debug|Any CPU.Build.0 = Debug|Any CPU
		{897EB69A-C687-4B00-AE0F-07F064D8DD03}.Release|Any CPU.ActiveCfg = Release|Any CPU
		{897EB69A-C687-4B00-AE0F-07F064D8DD03}.Release|Any CPU.Build.0 = Release|Any CPU
		{B4DD5EF3-4CD7-4A64-97BB-2F85B73297BD}.Debug|Any CPU.ActiveCfg = Debug|Any CPU
		{B4DD5EF3-4CD7-4A64-97BB-2F85B73297BD}.Debug|Any CPU.Build.0 = Debug|Any CPU
		{B4DD5EF3-4CD7-4A64-97BB-2F85B73297BD}.Release|Any CPU.ActiveCfg = Release|Any CPU
		{B4DD5EF3-4CD7-4A64-97BB-2F85B73297BD}.Release|Any CPU.Build.0 = Release|Any CPU
		{8D1D8A2C-E8D6-4D26-A94B-B2DA17AC136D}.Debug|Any CPU.ActiveCfg = Debug|Any CPU
		{8D1D8A2C-E8D6-4D26-A94B-B2DA17AC136D}.Debug|Any CPU.Build.0 = Debug|Any CPU
		{8D1D8A2C-E8D6-4D26-A94B-B2DA17AC136D}.Release|Any CPU.ActiveCfg = Release|Any CPU
		{8D1D8A2C-E8D6-4D26-A94B-B2DA17AC136D}.Release|Any CPU.Build.0 = Release|Any CPU
		{318F5C02-F40F-4C4A-ADB7-3720A2B61909}.Debug|Any CPU.ActiveCfg = Debug|Any CPU
		{318F5C02-F40F-4C4A-ADB7-3720A2B61909}.Debug|Any CPU.Build.0 = Debug|Any CPU
		{318F5C02-F40F-4C4A-ADB7-3720A2B61909}.Release|Any CPU.ActiveCfg = Release|Any CPU
		{318F5C02-F40F-4C4A-ADB7-3720A2B61909}.Release|Any CPU.Build.0 = Release|Any CPU
		{791D7982-80D5-427E-BA24-C150A5B068FC}.Debug|Any CPU.ActiveCfg = Debug|Any CPU
		{791D7982-80D5-427E-BA24-C150A5B068FC}.Debug|Any CPU.Build.0 = Debug|Any CPU
		{791D7982-80D5-427E-BA24-C150A5B068FC}.Release|Any CPU.ActiveCfg = Release|Any CPU
		{791D7982-80D5-427E-BA24-C150A5B068FC}.Release|Any CPU.Build.0 = Release|Any CPU
	EndGlobalSection
EndGlobal
