
Microsoft Visual Studio Solution File, Format Version 12.00
Project("{FAE04EC0-301F-11D3-BF4B-00C04F79EFBC}") = "PipeLoom", "PipeLoom\PipeLoom.csproj", "{A5543121-989A-4C76-81B7-662812D2EDDE}"
EndProject
Project("{2150E333-8FDC-42A3-9474-1A3956D46DE8}") = "SolutionFolder", "SolutionFolder", "{A480B4F7-6DAA-417F-9A90-D32B92AD7C04}"
	ProjectSection(SolutionItems) = preProject
		Directory.Build.props = Directory.Build.props
		Directory.Build.targets = Directory.Build.targets
		PipeLoom.sln.DotSettings = PipeLoom.sln.DotSettings
	EndProjectSection
EndProject
Project("{FAE04EC0-301F-11D3-BF4B-00C04F79EFBC}") = "PipeLoom.Analyzers", "PipeLoom.Analyzers\PipeLoom.Analyzers.csproj", "{897EB69A-C687-4B00-AE0F-07F064D8DD03}"
EndProject
Project("{FAE04EC0-301F-11D3-BF4B-00C04F79EFBC}") = "PipeLoom.Sandbox", "PipeLoom.Sandbox\PipeLoom.Sandbox.csproj", "{B4DD5EF3-4CD7-4A64-97BB-2F85B73297BD}"
EndProject
Global
	GlobalSection(SolutionConfigurationPlatforms) = preSolution
		Debug|Any CPU = Debug|Any CPU
		Release|Any CPU = Release|Any CPU
	EndGlobalSection
	GlobalSection(ProjectConfigurationPlatforms) = postSolution
		{A5543121-989A-4C76-81B7-662812D2EDDE}.Debug|Any CPU.ActiveCfg = Debug|Any CPU
		{A5543121-989A-4C76-81B7-662812D2EDDE}.Debug|Any CPU.Build.0 = Debug|Any CPU
		{A5543121-989A-4C76-81B7-662812D2EDDE}.Release|Any CPU.ActiveCfg = Release|Any CPU
		{A5543121-989A-4C76-81B7-662812D2EDDE}.Release|Any CPU.Build.0 = Release|Any CPU
		{897EB69A-C687-4B00-AE0F-07F064D8DD03}.Debug|Any CPU.ActiveCfg = Debug|Any CPU
		{897EB69A-C687-4B00-AE0F-07F064D8DD03}.Debug|Any CPU.Build.0 = Debug|Any CPU
		{897EB69A-C687-4B00-AE0F-07F064D8DD03}.Release|Any CPU.ActiveCfg = Release|Any CPU
		{897EB69A-C687-4B00-AE0F-07F064D8DD03}.Release|Any CPU.Build.0 = Release|Any CPU
		{B4DD5EF3-4CD7-4A64-97BB-2F85B73297BD}.Debug|Any CPU.ActiveCfg = Debug|Any CPU
		{B4DD5EF3-4CD7-4A64-97BB-2F85B73297BD}.Debug|Any CPU.Build.0 = Debug|Any CPU
		{B4DD5EF3-4CD7-4A64-97BB-2F85B73297BD}.Release|Any CPU.ActiveCfg = Release|Any CPU
		{B4DD5EF3-4CD7-4A64-97BB-2F85B73297BD}.Release|Any CPU.Build.0 = Release|Any CPU
	EndGlobalSection
EndGlobal
